// !$*UTF8*$!
{
	archiveVersion = 1;
	classes = {
	};
	objectVersion = 55;
	objects = {

/* Begin PBXBuildFile section */
		EC456041283C6C0400829DCD /* JoinedEventListViewController.swift in Sources */ = {isa = PBXBuildFile; fileRef = EC456040283C6C0400829DCD /* JoinedEventListViewController.swift */; };
		EC456045283C74C500829DCD /* UserViewModel.swift in Sources */ = {isa = PBXBuildFile; fileRef = EC456044283C74C500829DCD /* UserViewModel.swift */; };
		EC456047283C8DA800829DCD /* EventDetailViewController.swift in Sources */ = {isa = PBXBuildFile; fileRef = EC456046283C8DA800829DCD /* EventDetailViewController.swift */; };
		EC456049283CAC7F00829DCD /* Extensions.swift in Sources */ = {isa = PBXBuildFile; fileRef = EC456048283CAC7F00829DCD /* Extensions.swift */; };
		EC5A455C283B4B1A00EFBDC2 /* EventListViewController.swift in Sources */ = {isa = PBXBuildFile; fileRef = EC5A455B283B4B1A00EFBDC2 /* EventListViewController.swift */; };
		EC5A4561283B4E2D00EFBDC2 /* Event.swift in Sources */ = {isa = PBXBuildFile; fileRef = EC5A4560283B4E2D00EFBDC2 /* Event.swift */; };
		EC5A4564283B4E4E00EFBDC2 /* EventTableViewCell.swift in Sources */ = {isa = PBXBuildFile; fileRef = EC5A4562283B4E4E00EFBDC2 /* EventTableViewCell.swift */; };
		EC5A4565283B4E4E00EFBDC2 /* EventTableViewCell.xib in Resources */ = {isa = PBXBuildFile; fileRef = EC5A4563283B4E4E00EFBDC2 /* EventTableViewCell.xib */; };
		EC5A4567283B5BB600EFBDC2 /* EventViewModel.swift in Sources */ = {isa = PBXBuildFile; fileRef = EC5A4566283B5BB600EFBDC2 /* EventViewModel.swift */; };
		EC7D008A2838B77B00B05C84 /* AppDelegate.swift in Sources */ = {isa = PBXBuildFile; fileRef = EC7D00892838B77B00B05C84 /* AppDelegate.swift */; };
		EC7D008C2838B77B00B05C84 /* SceneDelegate.swift in Sources */ = {isa = PBXBuildFile; fileRef = EC7D008B2838B77B00B05C84 /* SceneDelegate.swift */; };
		EC7D008E2838B77B00B05C84 /* LoginViewController.swift in Sources */ = {isa = PBXBuildFile; fileRef = EC7D008D2838B77B00B05C84 /* LoginViewController.swift */; };
		EC7D00912838B77B00B05C84 /* Main.storyboard in Resources */ = {isa = PBXBuildFile; fileRef = EC7D008F2838B77B00B05C84 /* Main.storyboard */; };
		EC7D00932838B77C00B05C84 /* Assets.xcassets in Resources */ = {isa = PBXBuildFile; fileRef = EC7D00922838B77C00B05C84 /* Assets.xcassets */; };
		EC7D00962838B77C00B05C84 /* LaunchScreen.storyboard in Resources */ = {isa = PBXBuildFile; fileRef = EC7D00942838B77C00B05C84 /* LaunchScreen.storyboard */; };
		EC7D009E2838B84D00B05C84 /* GoogleService-Info.plist in Resources */ = {isa = PBXBuildFile; fileRef = EC7D009D2838B84D00B05C84 /* GoogleService-Info.plist */; };
		EC7D00A12838B91800B05C84 /* FirebaseAuth in Frameworks */ = {isa = PBXBuildFile; productRef = EC7D00A02838B91800B05C84 /* FirebaseAuth */; };
		EC7D00A32838B91800B05C84 /* FirebaseFirestore in Frameworks */ = {isa = PBXBuildFile; productRef = EC7D00A22838B91800B05C84 /* FirebaseFirestore */; };
		EC7D00A52838B91800B05C84 /* FirebaseFirestoreSwift in Frameworks */ = {isa = PBXBuildFile; productRef = EC7D00A42838B91800B05C84 /* FirebaseFirestoreSwift */; };
		EC7D00A72838B91800B05C84 /* FirebaseStorage in Frameworks */ = {isa = PBXBuildFile; productRef = EC7D00A62838B91800B05C84 /* FirebaseStorage */; };
		EC7D00AD2838BD7700B05C84 /* Constants.swift in Sources */ = {isa = PBXBuildFile; fileRef = EC7D00AC2838BD7700B05C84 /* Constants.swift */; };
		EC7D00AF2838BDFD00B05C84 /* User.swift in Sources */ = {isa = PBXBuildFile; fileRef = EC7D00AE2838BDFD00B05C84 /* User.swift */; };
		EC7D00B22838BE9200B05C84 /* AuthViewModel.swift in Sources */ = {isa = PBXBuildFile; fileRef = EC7D00B12838BE9200B05C84 /* AuthViewModel.swift */; };
		EC7D00B52838C26A00B05C84 /* SignupViewController.swift in Sources */ = {isa = PBXBuildFile; fileRef = EC7D00B42838C26A00B05C84 /* SignupViewController.swift */; };
		EC95C130283D512800C4F2EE /* Kingfisher in Frameworks */ = {isa = PBXBuildFile; productRef = EC95C12F283D512800C4F2EE /* Kingfisher */; };
/* End PBXBuildFile section */

/* Begin PBXFileReference section */
		EC456040283C6C0400829DCD /* JoinedEventListViewController.swift */ = {isa = PBXFileReference; lastKnownFileType = sourcecode.swift; path = JoinedEventListViewController.swift; sourceTree = "<group>"; };
		EC456044283C74C500829DCD /* UserViewModel.swift */ = {isa = PBXFileReference; lastKnownFileType = sourcecode.swift; path = UserViewModel.swift; sourceTree = "<group>"; };
		EC456046283C8DA800829DCD /* EventDetailViewController.swift */ = {isa = PBXFileReference; lastKnownFileType = sourcecode.swift; path = EventDetailViewController.swift; sourceTree = "<group>"; };
		EC456048283CAC7F00829DCD /* Extensions.swift */ = {isa = PBXFileReference; lastKnownFileType = sourcecode.swift; path = Extensions.swift; sourceTree = "<group>"; };
		EC5A455B283B4B1A00EFBDC2 /* EventListViewController.swift */ = {isa = PBXFileReference; lastKnownFileType = sourcecode.swift; path = EventListViewController.swift; sourceTree = "<group>"; };
		EC5A4560283B4E2D00EFBDC2 /* Event.swift */ = {isa = PBXFileReference; lastKnownFileType = sourcecode.swift; path = Event.swift; sourceTree = "<group>"; };
		EC5A4562283B4E4E00EFBDC2 /* EventTableViewCell.swift */ = {isa = PBXFileReference; lastKnownFileType = sourcecode.swift; path = EventTableViewCell.swift; sourceTree = "<group>"; };
		EC5A4563283B4E4E00EFBDC2 /* EventTableViewCell.xib */ = {isa = PBXFileReference; lastKnownFileType = file.xib; path = EventTableViewCell.xib; sourceTree = "<group>"; };
		EC5A4566283B5BB600EFBDC2 /* EventViewModel.swift */ = {isa = PBXFileReference; lastKnownFileType = sourcecode.swift; path = EventViewModel.swift; sourceTree = "<group>"; };
		EC7D00862838B77B00B05C84 /* iOSAdvancedProject.app */ = {isa = PBXFileReference; explicitFileType = wrapper.application; includeInIndex = 0; path = iOSAdvancedProject.app; sourceTree = BUILT_PRODUCTS_DIR; };
		EC7D00892838B77B00B05C84 /* AppDelegate.swift */ = {isa = PBXFileReference; lastKnownFileType = sourcecode.swift; path = AppDelegate.swift; sourceTree = "<group>"; };
		EC7D008B2838B77B00B05C84 /* SceneDelegate.swift */ = {isa = PBXFileReference; lastKnownFileType = sourcecode.swift; path = SceneDelegate.swift; sourceTree = "<group>"; };
		EC7D008D2838B77B00B05C84 /* LoginViewController.swift */ = {isa = PBXFileReference; lastKnownFileType = sourcecode.swift; path = LoginViewController.swift; sourceTree = "<group>"; };
		EC7D00902838B77B00B05C84 /* Base */ = {isa = PBXFileReference; lastKnownFileType = file.storyboard; name = Base; path = Base.lproj/Main.storyboard; sourceTree = "<group>"; };
		EC7D00922838B77C00B05C84 /* Assets.xcassets */ = {isa = PBXFileReference; lastKnownFileType = folder.assetcatalog; path = Assets.xcassets; sourceTree = "<group>"; };
		EC7D00952838B77C00B05C84 /* Base */ = {isa = PBXFileReference; lastKnownFileType = file.storyboard; name = Base; path = Base.lproj/LaunchScreen.storyboard; sourceTree = "<group>"; };
		EC7D00972838B77C00B05C84 /* Info.plist */ = {isa = PBXFileReference; lastKnownFileType = text.plist.xml; path = Info.plist; sourceTree = "<group>"; };
		EC7D009D2838B84D00B05C84 /* GoogleService-Info.plist */ = {isa = PBXFileReference; fileEncoding = 4; lastKnownFileType = text.plist.xml; path = "GoogleService-Info.plist"; sourceTree = "<group>"; };
		EC7D00AC2838BD7700B05C84 /* Constants.swift */ = {isa = PBXFileReference; lastKnownFileType = sourcecode.swift; path = Constants.swift; sourceTree = "<group>"; };
		EC7D00AE2838BDFD00B05C84 /* User.swift */ = {isa = PBXFileReference; lastKnownFileType = sourcecode.swift; path = User.swift; sourceTree = "<group>"; };
		EC7D00B12838BE9200B05C84 /* AuthViewModel.swift */ = {isa = PBXFileReference; lastKnownFileType = sourcecode.swift; path = AuthViewModel.swift; sourceTree = "<group>"; };
		EC7D00B42838C26A00B05C84 /* SignupViewController.swift */ = {isa = PBXFileReference; lastKnownFileType = sourcecode.swift; path = SignupViewController.swift; sourceTree = "<group>"; };
/* End PBXFileReference section */

/* Begin PBXFrameworksBuildPhase section */
		EC7D00832838B77B00B05C84 /* Frameworks */ = {
			isa = PBXFrameworksBuildPhase;
			buildActionMask = 2147483647;
			files = (
				EC7D00A12838B91800B05C84 /* FirebaseAuth in Frameworks */,
				EC7D00A72838B91800B05C84 /* FirebaseStorage in Frameworks */,
				EC7D00A32838B91800B05C84 /* FirebaseFirestore in Frameworks */,
				EC7D00A52838B91800B05C84 /* FirebaseFirestoreSwift in Frameworks */,
				EC95C130283D512800C4F2EE /* Kingfisher in Frameworks */,
			);
			runOnlyForDeploymentPostprocessing = 0;
		};
/* End PBXFrameworksBuildPhase section */

/* Begin PBXGroup section */
		EC5A455A283B4A6800EFBDC2 /* Event */ = {
			isa = PBXGroup;
			children = (
				EC5A455B283B4B1A00EFBDC2 /* EventListViewController.swift */,
				EC456040283C6C0400829DCD /* JoinedEventListViewController.swift */,
				EC456046283C8DA800829DCD /* EventDetailViewController.swift */,
			);
			path = Event;
			sourceTree = "<group>";
		};
		EC7D007D2838B77B00B05C84 = {
			isa = PBXGroup;
			children = (
				EC7D00882838B77B00B05C84 /* iOSAdvancedProject */,
				EC7D00872838B77B00B05C84 /* Products */,
			);
			sourceTree = "<group>";
		};
		EC7D00872838B77B00B05C84 /* Products */ = {
			isa = PBXGroup;
			children = (
				EC7D00862838B77B00B05C84 /* iOSAdvancedProject.app */,
			);
			name = Products;
			sourceTree = "<group>";
		};
		EC7D00882838B77B00B05C84 /* iOSAdvancedProject */ = {
			isa = PBXGroup;
			children = (
				EC7D00A92838BCE200B05C84 /* Model */,
				EC7D00A82838BCD500B05C84 /* Controller */,
				EC7D00B02838BE8600B05C84 /* ViewModel */,
				EC7D00AA2838BCEA00B05C84 /* View */,
				EC7D00AB2838BCF000B05C84 /* Utils */,
				EC7D00892838B77B00B05C84 /* AppDelegate.swift */,
				EC7D008B2838B77B00B05C84 /* SceneDelegate.swift */,
				EC7D008F2838B77B00B05C84 /* Main.storyboard */,
				EC7D00922838B77C00B05C84 /* Assets.xcassets */,
				EC7D00942838B77C00B05C84 /* LaunchScreen.storyboard */,
				EC7D00972838B77C00B05C84 /* Info.plist */,
				EC7D009D2838B84D00B05C84 /* GoogleService-Info.plist */,
			);
			path = iOSAdvancedProject;
			sourceTree = "<group>";
		};
		EC7D00A82838BCD500B05C84 /* Controller */ = {
			isa = PBXGroup;
			children = (
				EC5A455A283B4A6800EFBDC2 /* Event */,
				EC7D00B32838C24100B05C84 /* Authentication */,
			);
			path = Controller;
			sourceTree = "<group>";
		};
		EC7D00A92838BCE200B05C84 /* Model */ = {
			isa = PBXGroup;
			children = (
				EC7D00AE2838BDFD00B05C84 /* User.swift */,
				EC5A4560283B4E2D00EFBDC2 /* Event.swift */,
			);
			path = Model;
			sourceTree = "<group>";
		};
		EC7D00AA2838BCEA00B05C84 /* View */ = {
			isa = PBXGroup;
			children = (
				EC5A4562283B4E4E00EFBDC2 /* EventTableViewCell.swift */,
				EC5A4563283B4E4E00EFBDC2 /* EventTableViewCell.xib */,
			);
			path = View;
			sourceTree = "<group>";
		};
		EC7D00AB2838BCF000B05C84 /* Utils */ = {
			isa = PBXGroup;
			children = (
				EC7D00AC2838BD7700B05C84 /* Constants.swift */,
				EC456048283CAC7F00829DCD /* Extensions.swift */,
			);
			path = Utils;
			sourceTree = "<group>";
		};
		EC7D00B02838BE8600B05C84 /* ViewModel */ = {
			isa = PBXGroup;
			children = (
				EC7D00B12838BE9200B05C84 /* AuthViewModel.swift */,
				EC5A4566283B5BB600EFBDC2 /* EventViewModel.swift */,
				EC456044283C74C500829DCD /* UserViewModel.swift */,
			);
			path = ViewModel;
			sourceTree = "<group>";
		};
		EC7D00B32838C24100B05C84 /* Authentication */ = {
			isa = PBXGroup;
			children = (
				EC7D008D2838B77B00B05C84 /* LoginViewController.swift */,
				EC7D00B42838C26A00B05C84 /* SignupViewController.swift */,
			);
			path = Authentication;
			sourceTree = "<group>";
		};
/* End PBXGroup section */

/* Begin PBXNativeTarget section */
		EC7D00852838B77B00B05C84 /* iOSAdvancedProject */ = {
			isa = PBXNativeTarget;
			buildConfigurationList = EC7D009A2838B77C00B05C84 /* Build configuration list for PBXNativeTarget "iOSAdvancedProject" */;
			buildPhases = (
				EC7D00822838B77B00B05C84 /* Sources */,
				EC7D00832838B77B00B05C84 /* Frameworks */,
				EC7D00842838B77B00B05C84 /* Resources */,
			);
			buildRules = (
			);
			dependencies = (
			);
			name = iOSAdvancedProject;
			packageProductDependencies = (
				EC7D00A02838B91800B05C84 /* FirebaseAuth */,
				EC7D00A22838B91800B05C84 /* FirebaseFirestore */,
				EC7D00A42838B91800B05C84 /* FirebaseFirestoreSwift */,
				EC7D00A62838B91800B05C84 /* FirebaseStorage */,
				EC95C12F283D512800C4F2EE /* Kingfisher */,
			);
			productName = iOSAdvancedProject;
			productReference = EC7D00862838B77B00B05C84 /* iOSAdvancedProject.app */;
			productType = "com.apple.product-type.application";
		};
/* End PBXNativeTarget section */

/* Begin PBXProject section */
		EC7D007E2838B77B00B05C84 /* Project object */ = {
			isa = PBXProject;
			attributes = {
				BuildIndependentTargetsInParallel = 1;
				LastSwiftUpdateCheck = 1330;
				LastUpgradeCheck = 1330;
				TargetAttributes = {
					EC7D00852838B77B00B05C84 = {
						CreatedOnToolsVersion = 13.3;
					};
				};
			};
			buildConfigurationList = EC7D00812838B77B00B05C84 /* Build configuration list for PBXProject "iOSAdvancedProject" */;
			compatibilityVersion = "Xcode 13.0";
			developmentRegion = en;
			hasScannedForEncodings = 0;
			knownRegions = (
				en,
				Base,
			);
			mainGroup = EC7D007D2838B77B00B05C84;
			packageReferences = (
				EC7D009F2838B91800B05C84 /* XCRemoteSwiftPackageReference "firebase-ios-sdk" */,
				EC95C12E283D512800C4F2EE /* XCRemoteSwiftPackageReference "Kingfisher" */,
			);
			productRefGroup = EC7D00872838B77B00B05C84 /* Products */;
			projectDirPath = "";
			projectRoot = "";
			targets = (
				EC7D00852838B77B00B05C84 /* iOSAdvancedProject */,
			);
		};
/* End PBXProject section */

/* Begin PBXResourcesBuildPhase section */
		EC7D00842838B77B00B05C84 /* Resources */ = {
			isa = PBXResourcesBuildPhase;
			buildActionMask = 2147483647;
			files = (
				EC5A4565283B4E4E00EFBDC2 /* EventTableViewCell.xib in Resources */,
				EC7D00962838B77C00B05C84 /* LaunchScreen.storyboard in Resources */,
				EC7D009E2838B84D00B05C84 /* GoogleService-Info.plist in Resources */,
				EC7D00932838B77C00B05C84 /* Assets.xcassets in Resources */,
				EC7D00912838B77B00B05C84 /* Main.storyboard in Resources */,
			);
			runOnlyForDeploymentPostprocessing = 0;
		};
/* End PBXResourcesBuildPhase section */

/* Begin PBXSourcesBuildPhase section */
		EC7D00822838B77B00B05C84 /* Sources */ = {
			isa = PBXSourcesBuildPhase;
			buildActionMask = 2147483647;
			files = (
				EC456041283C6C0400829DCD /* JoinedEventListViewController.swift in Sources */,
				EC7D008E2838B77B00B05C84 /* LoginViewController.swift in Sources */,
				EC7D00B52838C26A00B05C84 /* SignupViewController.swift in Sources */,
				EC7D008A2838B77B00B05C84 /* AppDelegate.swift in Sources */,
				EC5A4567283B5BB600EFBDC2 /* EventViewModel.swift in Sources */,
				EC5A4561283B4E2D00EFBDC2 /* Event.swift in Sources */,
				EC7D00B22838BE9200B05C84 /* AuthViewModel.swift in Sources */,
				EC7D008C2838B77B00B05C84 /* SceneDelegate.swift in Sources */,
				EC5A455C283B4B1A00EFBDC2 /* EventListViewController.swift in Sources */,
				EC456045283C74C500829DCD /* UserViewModel.swift in Sources */,
				EC456049283CAC7F00829DCD /* Extensions.swift in Sources */,
				EC7D00AF2838BDFD00B05C84 /* User.swift in Sources */,
				EC5A4564283B4E4E00EFBDC2 /* EventTableViewCell.swift in Sources */,
				EC456047283C8DA800829DCD /* EventDetailViewController.swift in Sources */,
				EC7D00AD2838BD7700B05C84 /* Constants.swift in Sources */,
			);
			runOnlyForDeploymentPostprocessing = 0;
		};
/* End PBXSourcesBuildPhase section */

/* Begin PBXVariantGroup section */
		EC7D008F2838B77B00B05C84 /* Main.storyboard */ = {
			isa = PBXVariantGroup;
			children = (
				EC7D00902838B77B00B05C84 /* Base */,
			);
			name = Main.storyboard;
			sourceTree = "<group>";
		};
		EC7D00942838B77C00B05C84 /* LaunchScreen.storyboard */ = {
			isa = PBXVariantGroup;
			children = (
				EC7D00952838B77C00B05C84 /* Base */,
			);
			name = LaunchScreen.storyboard;
			sourceTree = "<group>";
		};
/* End PBXVariantGroup section */

/* Begin XCBuildConfiguration section */
		EC7D00982838B77C00B05C84 /* Debug */ = {
			isa = XCBuildConfiguration;
			buildSettings = {
				ALWAYS_SEARCH_USER_PATHS = NO;
				CLANG_ANALYZER_NONNULL = YES;
				CLANG_ANALYZER_NUMBER_OBJECT_CONVERSION = YES_AGGRESSIVE;
				CLANG_CXX_LANGUAGE_STANDARD = "gnu++17";
				CLANG_ENABLE_MODULES = YES;
				CLANG_ENABLE_OBJC_ARC = YES;
				CLANG_ENABLE_OBJC_WEAK = YES;
				CLANG_WARN_BLOCK_CAPTURE_AUTORELEASING = YES;
				CLANG_WARN_BOOL_CONVERSION = YES;
				CLANG_WARN_COMMA = YES;
				CLANG_WARN_CONSTANT_CONVERSION = YES;
				CLANG_WARN_DEPRECATED_OBJC_IMPLEMENTATIONS = YES;
				CLANG_WARN_DIRECT_OBJC_ISA_USAGE = YES_ERROR;
				CLANG_WARN_DOCUMENTATION_COMMENTS = YES;
				CLANG_WARN_EMPTY_BODY = YES;
				CLANG_WARN_ENUM_CONVERSION = YES;
				CLANG_WARN_INFINITE_RECURSION = YES;
				CLANG_WARN_INT_CONVERSION = YES;
				CLANG_WARN_NON_LITERAL_NULL_CONVERSION = YES;
				CLANG_WARN_OBJC_IMPLICIT_RETAIN_SELF = YES;
				CLANG_WARN_OBJC_LITERAL_CONVERSION = YES;
				CLANG_WARN_OBJC_ROOT_CLASS = YES_ERROR;
				CLANG_WARN_QUOTED_INCLUDE_IN_FRAMEWORK_HEADER = YES;
				CLANG_WARN_RANGE_LOOP_ANALYSIS = YES;
				CLANG_WARN_STRICT_PROTOTYPES = YES;
				CLANG_WARN_SUSPICIOUS_MOVE = YES;
				CLANG_WARN_UNGUARDED_AVAILABILITY = YES_AGGRESSIVE;
				CLANG_WARN_UNREACHABLE_CODE = YES;
				CLANG_WARN__DUPLICATE_METHOD_MATCH = YES;
				COPY_PHASE_STRIP = NO;
				DEBUG_INFORMATION_FORMAT = dwarf;
				ENABLE_STRICT_OBJC_MSGSEND = YES;
				ENABLE_TESTABILITY = YES;
				GCC_C_LANGUAGE_STANDARD = gnu11;
				GCC_DYNAMIC_NO_PIC = NO;
				GCC_NO_COMMON_BLOCKS = YES;
				GCC_OPTIMIZATION_LEVEL = 0;
				GCC_PREPROCESSOR_DEFINITIONS = (
					"DEBUG=1",
					"$(inherited)",
				);
				GCC_WARN_64_TO_32_BIT_CONVERSION = YES;
				GCC_WARN_ABOUT_RETURN_TYPE = YES_ERROR;
				GCC_WARN_UNDECLARED_SELECTOR = YES;
				GCC_WARN_UNINITIALIZED_AUTOS = YES_AGGRESSIVE;
				GCC_WARN_UNUSED_FUNCTION = YES;
				GCC_WARN_UNUSED_VARIABLE = YES;
				IPHONEOS_DEPLOYMENT_TARGET = 15.4;
				MTL_ENABLE_DEBUG_INFO = INCLUDE_SOURCE;
				MTL_FAST_MATH = YES;
				ONLY_ACTIVE_ARCH = YES;
				SDKROOT = iphoneos;
				SWIFT_ACTIVE_COMPILATION_CONDITIONS = DEBUG;
				SWIFT_OPTIMIZATION_LEVEL = "-Onone";
			};
			name = Debug;
		};
		EC7D00992838B77C00B05C84 /* Release */ = {
			isa = XCBuildConfiguration;
			buildSettings = {
				ALWAYS_SEARCH_USER_PATHS = NO;
				CLANG_ANALYZER_NONNULL = YES;
				CLANG_ANALYZER_NUMBER_OBJECT_CONVERSION = YES_AGGRESSIVE;
				CLANG_CXX_LANGUAGE_STANDARD = "gnu++17";
				CLANG_ENABLE_MODULES = YES;
				CLANG_ENABLE_OBJC_ARC = YES;
				CLANG_ENABLE_OBJC_WEAK = YES;
				CLANG_WARN_BLOCK_CAPTURE_AUTORELEASING = YES;
				CLANG_WARN_BOOL_CONVERSION = YES;
				CLANG_WARN_COMMA = YES;
				CLANG_WARN_CONSTANT_CONVERSION = YES;
				CLANG_WARN_DEPRECATED_OBJC_IMPLEMENTATIONS = YES;
				CLANG_WARN_DIRECT_OBJC_ISA_USAGE = YES_ERROR;
				CLANG_WARN_DOCUMENTATION_COMMENTS = YES;
				CLANG_WARN_EMPTY_BODY = YES;
				CLANG_WARN_ENUM_CONVERSION = YES;
				CLANG_WARN_INFINITE_RECURSION = YES;
				CLANG_WARN_INT_CONVERSION = YES;
				CLANG_WARN_NON_LITERAL_NULL_CONVERSION = YES;
				CLANG_WARN_OBJC_IMPLICIT_RETAIN_SELF = YES;
				CLANG_WARN_OBJC_LITERAL_CONVERSION = YES;
				CLANG_WARN_OBJC_ROOT_CLASS = YES_ERROR;
				CLANG_WARN_QUOTED_INCLUDE_IN_FRAMEWORK_HEADER = YES;
				CLANG_WARN_RANGE_LOOP_ANALYSIS = YES;
				CLANG_WARN_STRICT_PROTOTYPES = YES;
				CLANG_WARN_SUSPICIOUS_MOVE = YES;
				CLANG_WARN_UNGUARDED_AVAILABILITY = YES_AGGRESSIVE;
				CLANG_WARN_UNREACHABLE_CODE = YES;
				CLANG_WARN__DUPLICATE_METHOD_MATCH = YES;
				COPY_PHASE_STRIP = NO;
				DEBUG_INFORMATION_FORMAT = "dwarf-with-dsym";
				ENABLE_NS_ASSERTIONS = NO;
				ENABLE_STRICT_OBJC_MSGSEND = YES;
				GCC_C_LANGUAGE_STANDARD = gnu11;
				GCC_NO_COMMON_BLOCKS = YES;
				GCC_WARN_64_TO_32_BIT_CONVERSION = YES;
				GCC_WARN_ABOUT_RETURN_TYPE = YES_ERROR;
				GCC_WARN_UNDECLARED_SELECTOR = YES;
				GCC_WARN_UNINITIALIZED_AUTOS = YES_AGGRESSIVE;
				GCC_WARN_UNUSED_FUNCTION = YES;
				GCC_WARN_UNUSED_VARIABLE = YES;
				IPHONEOS_DEPLOYMENT_TARGET = 15.4;
				MTL_ENABLE_DEBUG_INFO = NO;
				MTL_FAST_MATH = YES;
				SDKROOT = iphoneos;
				SWIFT_COMPILATION_MODE = wholemodule;
				SWIFT_OPTIMIZATION_LEVEL = "-O";
				VALIDATE_PRODUCT = YES;
			};
			name = Release;
		};
		EC7D009B2838B77C00B05C84 /* Debug */ = {
			isa = XCBuildConfiguration;
			buildSettings = {
				ASSETCATALOG_COMPILER_APPICON_NAME = AppIcon;
				ASSETCATALOG_COMPILER_GLOBAL_ACCENT_COLOR_NAME = AccentColor;
				CODE_SIGN_STYLE = Automatic;
				CURRENT_PROJECT_VERSION = 1;
				DEVELOPMENT_TEAM = G3P4L7GVWA;
				GENERATE_INFOPLIST_FILE = YES;
				INFOPLIST_FILE = iOSAdvancedProject/Info.plist;
				INFOPLIST_KEY_CFBundleDisplayName = Eventify;
				INFOPLIST_KEY_UIApplicationSupportsIndirectInputEvents = YES;
				INFOPLIST_KEY_UILaunchStoryboardName = LaunchScreen;
				INFOPLIST_KEY_UIMainStoryboardFile = Main;
				INFOPLIST_KEY_UISupportedInterfaceOrientations_iPad = "UIInterfaceOrientationPortrait UIInterfaceOrientationPortraitUpsideDown UIInterfaceOrientationLandscapeLeft UIInterfaceOrientationLandscapeRight";
				INFOPLIST_KEY_UISupportedInterfaceOrientations_iPhone = "UIInterfaceOrientationPortrait UIInterfaceOrientationLandscapeLeft UIInterfaceOrientationLandscapeRight";
				LD_RUNPATH_SEARCH_PATHS = (
					"$(inherited)",
					"@executable_path/Frameworks",
				);
				MARKETING_VERSION = 1.0;
				PRODUCT_BUNDLE_IDENTIFIER = io.github.ismailgok33.iOSAdvancedProject;
				PRODUCT_NAME = "$(TARGET_NAME)";
				SWIFT_EMIT_LOC_STRINGS = YES;
				SWIFT_VERSION = 5.0;
				TARGETED_DEVICE_FAMILY = "1,2";
			};
			name = Debug;
		};
		EC7D009C2838B77C00B05C84 /* Release */ = {
			isa = XCBuildConfiguration;
			buildSettings = {
				ASSETCATALOG_COMPILER_APPICON_NAME = AppIcon;
				ASSETCATALOG_COMPILER_GLOBAL_ACCENT_COLOR_NAME = AccentColor;
				CODE_SIGN_STYLE = Automatic;
				CURRENT_PROJECT_VERSION = 1;
				DEVELOPMENT_TEAM = G3P4L7GVWA;
				GENERATE_INFOPLIST_FILE = YES;
				INFOPLIST_FILE = iOSAdvancedProject/Info.plist;
				INFOPLIST_KEY_CFBundleDisplayName = Eventify;
				INFOPLIST_KEY_UIApplicationSupportsIndirectInputEvents = YES;
				INFOPLIST_KEY_UILaunchStoryboardName = LaunchScreen;
				INFOPLIST_KEY_UIMainStoryboardFile = Main;
				INFOPLIST_KEY_UISupportedInterfaceOrientations_iPad = "UIInterfaceOrientationPortrait UIInterfaceOrientationPortraitUpsideDown UIInterfaceOrientationLandscapeLeft UIInterfaceOrientationLandscapeRight";
				INFOPLIST_KEY_UISupportedInterfaceOrientations_iPhone = "UIInterfaceOrientationPortrait UIInterfaceOrientationLandscapeLeft UIInterfaceOrientationLandscapeRight";
				LD_RUNPATH_SEARCH_PATHS = (
					"$(inherited)",
					"@executable_path/Frameworks",
				);
				MARKETING_VERSION = 1.0;
				PRODUCT_BUNDLE_IDENTIFIER = io.github.ismailgok33.iOSAdvancedProject;
				PRODUCT_NAME = "$(TARGET_NAME)";
				SWIFT_EMIT_LOC_STRINGS = YES;
				SWIFT_VERSION = 5.0;
				TARGETED_DEVICE_FAMILY = "1,2";
			};
			name = Release;
		};
/* End XCBuildConfiguration section */

/* Begin XCConfigurationList section */
		EC7D00812838B77B00B05C84 /* Build configuration list for PBXProject "iOSAdvancedProject" */ = {
			isa = XCConfigurationList;
			buildConfigurations = (
				EC7D00982838B77C00B05C84 /* Debug */,
				EC7D00992838B77C00B05C84 /* Release */,
			);
			defaultConfigurationIsVisible = 0;
			defaultConfigurationName = Release;
		};
		EC7D009A2838B77C00B05C84 /* Build configuration list for PBXNativeTarget "iOSAdvancedProject" */ = {
			isa = XCConfigurationList;
			buildConfigurations = (
				EC7D009B2838B77C00B05C84 /* Debug */,
				EC7D009C2838B77C00B05C84 /* Release */,
			);
			defaultConfigurationIsVisible = 0;
			defaultConfigurationName = Release;
		};
/* End XCConfigurationList section */

/* Begin XCRemoteSwiftPackageReference section */
		EC7D009F2838B91800B05C84 /* XCRemoteSwiftPackageReference "firebase-ios-sdk" */ = {
			isa = XCRemoteSwiftPackageReference;
			repositoryURL = "https://github.com/firebase/firebase-ios-sdk";
			requirement = {
				kind = upToNextMajorVersion;
				minimumVersion = 9.0.0;
			};
		};
		EC95C12E283D512800C4F2EE /* XCRemoteSwiftPackageReference "Kingfisher" */ = {
			isa = XCRemoteSwiftPackageReference;
			repositoryURL = "https://github.com/onevcat/Kingfisher.git";
			requirement = {
				kind = upToNextMajorVersion;
				minimumVersion = 7.0.0;
			};
		};
/* End XCRemoteSwiftPackageReference section */

/* Begin XCSwiftPackageProductDependency section */
		EC7D00A02838B91800B05C84 /* FirebaseAuth */ = {
			isa = XCSwiftPackageProductDependency;
			package = EC7D009F2838B91800B05C84 /* XCRemoteSwiftPackageReference "firebase-ios-sdk" */;
			productName = FirebaseAuth;
		};
		EC7D00A22838B91800B05C84 /* FirebaseFirestore */ = {
			isa = XCSwiftPackageProductDependency;
			package = EC7D009F2838B91800B05C84 /* XCRemoteSwiftPackageReference "firebase-ios-sdk" */;
			productName = FirebaseFirestore;
		};
		EC7D00A42838B91800B05C84 /* FirebaseFirestoreSwift */ = {
			isa = XCSwiftPackageProductDependency;
			package = EC7D009F2838B91800B05C84 /* XCRemoteSwiftPackageReference "firebase-ios-sdk" */;
			productName = FirebaseFirestoreSwift;
		};
		EC7D00A62838B91800B05C84 /* FirebaseStorage */ = {
			isa = XCSwiftPackageProductDependency;
			package = EC7D009F2838B91800B05C84 /* XCRemoteSwiftPackageReference "firebase-ios-sdk" */;
			productName = FirebaseStorage;
		};
		EC95C12F283D512800C4F2EE /* Kingfisher */ = {
			isa = XCSwiftPackageProductDependency;
			package = EC95C12E283D512800C4F2EE /* XCRemoteSwiftPackageReference "Kingfisher" */;
			productName = Kingfisher;
		};
/* End XCSwiftPackageProductDependency section */
	};
	rootObject = EC7D007E2838B77B00B05C84 /* Project object */;
}
